{
  "nodes": {
    "nixpkgs": {
      "locked": {
        "lastModified": 1706941790,
        "narHash": "sha256-V4apg6WJS6hc1VhHuUpaLt0r/ulu/hvFruP6NKdEdfo=",
        "ref": "nixos-unstable-small",
        "rev": "4f301350dacb4eb0a93578ef3b07c8a996c777e7",
        "revCount": 579391,
        "type": "git",
        "url": "https://mirrors.tuna.tsinghua.edu.cn/git/nixpkgs.git/"
      },
      "original": {
        "ref": "nixos-unstable-small",
        "type": "git",
        "url": "https://mirrors.tuna.tsinghua.edu.cn/git/nixpkgs.git/"
      }
    },
    "root": {
      "inputs": {
        "nixpkgs": "nixpkgs"
      }
    }
  },
  "root": "root",
  "version": 7
}
